{
  "version": 4,
  "terraform_version": "1.10.5",
  "serial": 12,
  "lineage": "d6078159-0ac4-d032-cc79-e23ce9bbeba5",
  "outputs": {},
  "resources": [
    {
      "mode": "managed",
      "type": "aws_instance",
      "name": "eu_instance",
      "provider": "provider[\"registry.terraform.io/hashicorp/aws\"].eu",
      "instances": [
        {
          "schema_version": 1,
          "attributes": {
            "ami": "ami-00410d8a184b40e78",
            "arn": "arn:aws:ec2:eu-west-1:340330597056:instance/i-09b3f45a320b21ba9",
            "associate_public_ip_address": true,
            "availability_zone": "eu-west-1c",
            "capacity_reservation_specification": [
              {
                "capacity_reservation_preference": "open",
                "capacity_reservation_target": []
              }
            ],
            "cpu_core_count": 1,
            "cpu_options": [
              {
                "amd_sev_snp": "",
                "core_count": 1,
                "threads_per_core": 1
              }
            ],
            "cpu_threads_per_core": 1,
            "credit_specification": [
              {
                "cpu_credits": "standard"
              }
            ],
            "disable_api_stop": false,
            "disable_api_termination": false,
            "ebs_block_device": [],
            "ebs_optimized": false,
            "enable_primary_ipv6": null,
            "enclave_options": [
              {
                "enabled": false
              }
            ],
            "ephemeral_block_device": [],
            "get_password_data": false,
            "hibernation": false,
            "host_id": "",
            "host_resource_group_arn": null,
            "iam_instance_profile": "",
            "id": "i-09b3f45a320b21ba9",
            "instance_initiated_shutdown_behavior": "stop",
            "instance_lifecycle": "",
            "instance_market_options": [],
            "instance_state": "running",
            "instance_type": "t2.micro",
            "ipv6_address_count": 0,
            "ipv6_addresses": [],
            "key_name": "eu-key",
            "launch_template": [],
            "maintenance_options": [
              {
                "auto_recovery": "default"
              }
            ],
            "metadata_options": [
              {
                "http_endpoint": "enabled",
                "http_protocol_ipv6": "disabled",
                "http_put_response_hop_limit": 1,
                "http_tokens": "optional",
                "instance_metadata_tags": "disabled"
              }
            ],
            "monitoring": false,
            "network_interface": [],
            "outpost_arn": "",
            "password_data": "",
            "placement_group": "",
            "placement_partition_number": 0,
            "primary_network_interface_id": "eni-0f2459d1e1f35a0fd",
            "private_dns": "ip-172-31-19-73.eu-west-1.compute.internal",
            "private_dns_name_options": [
              {
                "enable_resource_name_dns_a_record": false,
                "enable_resource_name_dns_aaaa_record": false,
                "hostname_type": "ip-name"
              }
            ],
            "private_ip": "172.31.19.73",
            "public_dns": "ec2-3-249-200-175.eu-west-1.compute.amazonaws.com",
            "public_ip": "3.249.200.175",
            "root_block_device": [
              {
                "delete_on_termination": true,
                "device_name": "/dev/xvda",
                "encrypted": false,
                "iops": 100,
                "kms_key_id": "",
                "tags": {},
                "tags_all": {},
                "throughput": 0,
                "volume_id": "vol-0daf953edf735bf39",
                "volume_size": 8,
                "volume_type": "gp2"
              }
            ],
            "secondary_private_ips": [],
            "security_groups": [
              "default"
            ],
            "source_dest_check": true,
            "spot_instance_request_id": "",
            "subnet_id": "subnet-0d4e23b81b6b32b01",
            "tags": {
              "Name": "EU-Instance"
            },
            "tags_all": {
              "Name": "EU-Instance"
            },
            "tenancy": "default",
            "timeouts": null,
            "user_data": null,
            "user_data_base64": null,
            "user_data_replace_on_change": false,
            "volume_tags": null,
            "vpc_security_group_ids": [
              "sg-0ebdccd8ff2220a23"
            ]
          },
          "sensitive_attributes": [],
          "private": "eyJlMmJmYjczMC1lY2FhLTExZTYtOGY4OC0zNDM2M2JjN2M0YzAiOnsiY3JlYXRlIjo2MDAwMDAwMDAwMDAsImRlbGV0ZSI6MTIwMDAwMDAwMDAwMCwicmVhZCI6OTAwMDAwMDAwMDAwLCJ1cGRhdGUiOjYwMDAwMDAwMDAwMH0sInNjaGVtYV92ZXJzaW9uIjoiMSJ9",
          "dependencies": [
            "aws_key_pair.eu_key"
          ]
        }
      ]
    },
    {
      "mode": "managed",
      "type": "aws_instance",
      "name": "us_instance",
      "provider": "provider[\"registry.terraform.io/hashicorp/aws\"].us",
      "instances": [
        {
          "schema_version": 1,
          "attributes": {
            "ami": "ami-032ae1bccc5be78ca",
            "arn": "arn:aws:ec2:us-east-1:340330597056:instance/i-08f347ce92b0b4052",
            "associate_public_ip_address": true,
            "availability_zone": "us-east-1b",
            "capacity_reservation_specification": [
              {
                "capacity_reservation_preference": "open",
                "capacity_reservation_target": []
              }
            ],
            "cpu_core_count": 1,
            "cpu_options": [
              {
                "amd_sev_snp": "",
                "core_count": 1,
                "threads_per_core": 1
              }
            ],
            "cpu_threads_per_core": 1,
            "credit_specification": [
              {
                "cpu_credits": "standard"
              }
            ],
            "disable_api_stop": false,
            "disable_api_termination": false,
            "ebs_block_device": [],
            "ebs_optimized": false,
            "enable_primary_ipv6": null,
            "enclave_options": [
              {
                "enabled": false
              }
            ],
            "ephemeral_block_device": [],
            "get_password_data": false,
            "hibernation": false,
            "host_id": "",
            "host_resource_group_arn": null,
            "iam_instance_profile": "",
            "id": "i-08f347ce92b0b4052",
            "instance_initiated_shutdown_behavior": "stop",
            "instance_lifecycle": "",
            "instance_market_options": [],
            "instance_state": "running",
            "instance_type": "t2.micro",
            "ipv6_address_count": 0,
            "ipv6_addresses": [],
            "key_name": "us-key",
            "launch_template": [],
            "maintenance_options": [
              {
                "auto_recovery": "default"
              }
            ],
            "metadata_options": [
              {
                "http_endpoint": "enabled",
                "http_protocol_ipv6": "disabled",
                "http_put_response_hop_limit": 1,
                "http_tokens": "optional",
                "instance_metadata_tags": "disabled"
              }
            ],
            "monitoring": false,
            "network_interface": [],
            "outpost_arn": "",
            "password_data": "",
            "placement_group": "",
            "placement_partition_number": 0,
            "primary_network_interface_id": "eni-082a4815051be6c79",
            "private_dns": "ip-172-31-16-145.ec2.internal",
            "private_dns_name_options": [
              {
                "enable_resource_name_dns_a_record": false,
                "enable_resource_name_dns_aaaa_record": false,
                "hostname_type": "ip-name"
              }
            ],
            "private_ip": "172.31.16.145",
            "public_dns": "ec2-52-200-148-93.compute-1.amazonaws.com",
            "public_ip": "52.200.148.93",
            "root_block_device": [
              {
                "delete_on_termination": true,
                "device_name": "/dev/xvda",
                "encrypted": false,
                "iops": 100,
                "kms_key_id": "",
                "tags": {},
                "tags_all": {},
                "throughput": 0,
                "volume_id": "vol-0f3e46ca8760822f3",
                "volume_size": 8,
                "volume_type": "gp2"
              }
            ],
            "secondary_private_ips": [],
            "security_groups": [
              "default"
            ],
            "source_dest_check": true,
            "spot_instance_request_id": "",
            "subnet_id": "subnet-0934e6f6c24f480fc",
            "tags": {
              "Name": "US-Instance"
            },
            "tags_all": {
              "Name": "US-Instance"
            },
            "tenancy": "default",
            "timeouts": null,
            "user_data": null,
            "user_data_base64": null,
            "user_data_replace_on_change": false,
            "volume_tags": null,
            "vpc_security_group_ids": [
              "sg-0e3503f881b5034eb"
            ]
          },
          "sensitive_attributes": [],
          "private": "eyJlMmJmYjczMC1lY2FhLTExZTYtOGY4OC0zNDM2M2JjN2M0YzAiOnsiY3JlYXRlIjo2MDAwMDAwMDAwMDAsImRlbGV0ZSI6MTIwMDAwMDAwMDAwMCwicmVhZCI6OTAwMDAwMDAwMDAwLCJ1cGRhdGUiOjYwMDAwMDAwMDAwMH0sInNjaGVtYV92ZXJzaW9uIjoiMSJ9",
          "dependencies": [
            "aws_key_pair.us_key"
          ]
        }
      ]
    },
    {
      "mode": "managed",
      "type": "aws_key_pair",
      "name": "eu_key",
      "provider": "provider[\"registry.terraform.io/hashicorp/aws\"].eu",
      "instances": [
        {
          "schema_version": 1,
          "attributes": {
            "arn": "arn:aws:ec2:eu-west-1:340330597056:key-pair/eu-key",
            "fingerprint": "28:d6:a9:aa:af:45:3e:ec:32:89:70:72:6b:2e:9b:33",
            "id": "eu-key",
            "key_name": "eu-key",
            "key_name_prefix": "",
            "key_pair_id": "key-099db3f9a3c6b5d43",
            "key_type": "rsa",
            "public_key": "ssh-rsa AAAAB3NzaC1yc2EAAAADAQABAAACAQDorInZ0qnSi105v/4RjvgC9WmOL88Olso+xwyO7VyQq53obC7jr5QnzlQa62LaRMIi7nYm+RKm0zjrLOFgo92LDweg5xXklKW+FPWyHsUg521HHG1JmpbkXgGHn5o58DnYIzuE69XdCv0y6w7CNOc3BQvzCciCHmZ3rbajHVjv4ziEWeyaaXGxgTtObbDtyi/pGTRLcXNAjNjgRRic/ZDlt/zHVTBa/I2y1Q5EBhqqmvw0ziN6ZJOvuUXaoLBinUSMs91cGwoCaenqYPUfkfJ3SXdctK1gF5/ldr7TwQuGQDJ2laQjZZAd9TL1pKniBQnDQKDng9OxHndJnubBiYXyHGePl2AmXEAJZOIXwR98uJSupWAGTWzzLwJG+gbrXrR/12FcWjCIerD3olFeYeQcbB00AkRqCpdBFN3IDhBOg99NnV+L1BaDUSkYK1vSgvzKnnqDgL+TVAXIbB6oW2weMoSGtIxIG5b18cmw5fHY9gZyfvm5UvIBS8cHXiJcXcRTt+1MRuN7Twk31qyjRyAcujzJyCSmPNxWTUHKzSXDlYqaUGU5RMdFmcrqZy6I19PLvK4+usf7uYEMBAwkw2+Kp5IOr+EjxxZth2EwWXMbvKcxhp13jDa5vm37KTCohZ92bZJ6oNlA09c3KSe6kFwYiIzaHI7ThvBxwz4puwhlew== ec2-user@ip-172-31-80-178.ec2.internal",
            "tags": null,
            "tags_all": {}
          },
          "sensitive_attributes": [],
          "private": "eyJzY2hlbWFfdmVyc2lvbiI6IjEifQ=="
        }
      ]
    },
    {
      "mode": "managed",
      "type": "aws_key_pair",
      "name": "us_key",
      "provider": "provider[\"registry.terraform.io/hashicorp/aws\"].us",
      "instances": [
        {
          "schema_version": 1,
          "attributes": {
            "arn": "arn:aws:ec2:us-east-1:340330597056:key-pair/us-key",
            "fingerprint": "28:d6:a9:aa:af:45:3e:ec:32:89:70:72:6b:2e:9b:33",
            "id": "us-key",
            "key_name": "us-key",
            "key_name_prefix": "",
            "key_pair_id": "key-0e6de94a77b2dcd2a",
            "key_type": "rsa",
            "public_key": "ssh-rsa AAAAB3NzaC1yc2EAAAADAQABAAACAQDorInZ0qnSi105v/4RjvgC9WmOL88Olso+xwyO7VyQq53obC7jr5QnzlQa62LaRMIi7nYm+RKm0zjrLOFgo92LDweg5xXklKW+FPWyHsUg521HHG1JmpbkXgGHn5o58DnYIzuE69XdCv0y6w7CNOc3BQvzCciCHmZ3rbajHVjv4ziEWeyaaXGxgTtObbDtyi/pGTRLcXNAjNjgRRic/ZDlt/zHVTBa/I2y1Q5EBhqqmvw0ziN6ZJOvuUXaoLBinUSMs91cGwoCaenqYPUfkfJ3SXdctK1gF5/ldr7TwQuGQDJ2laQjZZAd9TL1pKniBQnDQKDng9OxHndJnubBiYXyHGePl2AmXEAJZOIXwR98uJSupWAGTWzzLwJG+gbrXrR/12FcWjCIerD3olFeYeQcbB00AkRqCpdBFN3IDhBOg99NnV+L1BaDUSkYK1vSgvzKnnqDgL+TVAXIbB6oW2weMoSGtIxIG5b18cmw5fHY9gZyfvm5UvIBS8cHXiJcXcRTt+1MRuN7Twk31qyjRyAcujzJyCSmPNxWTUHKzSXDlYqaUGU5RMdFmcrqZy6I19PLvK4+usf7uYEMBAwkw2+Kp5IOr+EjxxZth2EwWXMbvKcxhp13jDa5vm37KTCohZ92bZJ6oNlA09c3KSe6kFwYiIzaHI7ThvBxwz4puwhlew== ec2-user@ip-172-31-80-178.ec2.internal",
            "tags": null,
            "tags_all": {}
          },
          "sensitive_attributes": [],
          "private": "eyJzY2hlbWFfdmVyc2lvbiI6IjEifQ=="
        }
      ]
    }
  ],
  "check_results": null
}
